{
  "name": "dep-consumer",
  "version": "0.1.0",
  "lockfileVersion": 3,
  "requires": true,
  "packages": {
    "": { "name": "dep-consumer", "version": "0.1.0", "dependencies": { "@scope/core": "1.0.0", "widget": "1.0.0" } },
    "node_modules/@scope/core": { "version": "1.0.0", "resolved": "file:../../deps/scope-core-v1" },
    "node_modules/widget": { "version": "1.0.0", "resolved": "file:../../deps/widget-v1" }
  }
}
