# This file is generated by running "yarn install" inside your project.
# Manual changes might be lost - proceed with caution!

__metadata:
  version: 8
  cacheKey: 10c0

"yarn-berry-pinned@workspace:.":
  version: 0.0.0-use.local
  resolution: "yarn-berry-pinned@workspace:."
  dependencies:
    zod: "npm:3.25.76"
  languageName: unknown
  linkType: soft

"zod@npm:3.25.76":
  version: 3.25.76
  resolution: "zod@npm:3.25.76"
  checksum: 10c0/0000000000000000000000000000000000000000000000000000000000000000000000000000000000000000000000000000000000000000000000000000000000
  languageName: node
  linkType: hard
