{
  "name": "require-consumer",
  "version": "0.1.0",
  "lockfileVersion": 3,
  "requires": true,
  "packages": {
    "": { "name": "require-consumer", "version": "0.1.0", "dependencies": { "synthetic": "1.0.0" } },
    "node_modules/synthetic": { "version": "1.0.0", "resolved": "file:../../synthetic" }
  }
}
