{
  "name": "synthetic-dependency-sources",
  "lockfileVersion": 3,
  "packages": {
    "node_modules/scoped-alias": { "name": "@example/real-scoped", "version": "1.0.0", "resolved": "https://example.invalid/registry-tarball.tgz" },
    "node_modules/ordinary": { "version": "1.0.0", "resolved": "https://example.invalid/registry-tarball.tgz" },
    "node_modules/github-protocol": { "version": "1.0.0" },
    "node_modules/github-shorthand": { "version": "1.0.0" }
  }
}
